{
    "composer/semver": {
        "version": "1.4.2"
    },
    "doctrine/instantiator": {
        "version": "1.1.0"
    },
    "myclabs/deep-copy": {
        "version": "1.8.1"
    },
    "phar-io/manifest": {
        "version": "1.0.3"
    },
    "phar-io/version": {
        "version": "2.0.1"
    },
    "phpdocumentor/reflection-common": {
        "version": "1.0.1"
    },
    "phpdocumentor/reflection-docblock": {
        "version": "4.3.0"
    },
    "phpdocumentor/type-resolver": {
        "version": "0.4.0"
    },
    "phpspec/prophecy": {
        "version": "1.8.0"
    },
    "phpunit/php-code-coverage": {
        "version": "6.0.7"
    },
    "phpunit/php-file-iterator": {
        "version": "2.0.1"
    },
    "phpunit/php-text-template": {
        "version": "1.2.1"
    },
    "phpunit/php-timer": {
        "version": "2.0.0"
    },
    "phpunit/php-token-stream": {
        "version": "3.0.0"
    },
    "phpunit/phpunit": {
        "version": "4.7",
        "recipe": {
            "repo": "github.com/symfony/recipes",
            "branch": "master",
            "version": "4.7",
            "ref": "c276fa48d4713de91eb410289b3b1834acb7e403"
        }
    },
    "sebastian/code-unit-reverse-lookup": {
        "version": "1.0.1"
    },
    "sebastian/comparator": {
        "version": "3.0.2"
    },
    "sebastian/diff": {
        "version": "3.0.1"
    },
    "sebastian/environment": {
        "version": "3.1.0"
    },
    "sebastian/exporter": {
        "version": "3.1.0"
    },
    "sebastian/global-state": {
        "version": "2.0.0"
    },
    "sebastian/object-enumerator": {
        "version": "3.0.3"
    },
    "sebastian/object-reflector": {
        "version": "1.1.1"
    },
    "sebastian/recursion-context": {
        "version": "3.0.0"
    },
    "sebastian/resource-operations": {
        "version": "1.0.0"
    },
    "sebastian/version": {
        "version": "2.0.1"
    },
    "stecman/symfony-console-completion": {
        "version": "0.8.0"
    },
    "symfony/dotenv": {
        "version": "v4.1.4"
    },
    "symfony/flex": {
        "version": "1.0",
        "recipe": {
            "repo": "github.com/symfony/recipes",
            "branch": "master",
            "version": "1.0",
            "ref": "e921bdbfe20cdefa3b82f379d1cd36df1bc8d115"
        }
    },
    "symfony/process": {
        "version": "v4.1.4"
    },
    "theseer/tokenizer": {
        "version": "1.1.0"
    },
    "webmozart/assert": {
        "version": "1.3.0"
    },
    "wikimedia/composer-merge-plugin": {
        "version": "v1.4.1"
    }
}
